
Microsoft Visual Studio Solution File, Format Version 12.00
# Visual Studio Version 17
VisualStudioVersion = 17.8.34309.116
MinimumVisualStudioVersion = 10.0.40219.1
Project("{FAE04EC0-301F-11D3-BF4B-00C04F79EFBC}") = "Rectangle", "Rectangle.csproj", "{A6313FA9-BA29-46F0-A012-B3F5A17C7E13}"
EndProject
Global
	GlobalSection(SolutionConfigurationPlatforms) = preSolution
		Debug|Any CPU = Debug|Any CPU
		Release|Any CPU = Release|Any CPU
	EndGlobalSection
	GlobalSection(ProjectConfigurationPlatforms) = postSolution
		{A6313FA9-BA29-46F0-A012-B3F5A17C7E13}.Debug|Any CPU.ActiveCfg = Debug|Any CPU
		{A6313FA9-BA29-46F0-A012-B3F5A17C7E13}.Debug|Any CPU.Build.0 = Debug|Any CPU
		{A6313FA9-BA29-46F0-A012-B3F5A17C7E13}.Release|Any CPU.ActiveCfg = Release|Any CPU
		{A6313FA9-BA29-46F0-A012-B3F5A17C7E13}.Release|Any CPU.Build.0 = Release|Any CPU
	EndGlobalSection
	GlobalSection(SolutionProperties) = preSolution
		HideSolutionNode = FALSE
	EndGlobalSection
	GlobalSection(ExtensibilityGlobals) = postSolution
		SolutionGuid = {760E511B-2E06-4EF6-8239-DA62B2FDAF04}
	EndGlobalSection
EndGlobal
